{
  "lockfile-version": 1,
  "manifest": {
    "version": 1,
    "install": {
      "hugo": {
        "pkg-path": "hugo"
      },
      "netlify-cli": {
        "pkg-path": "netlify-cli"
      },
      "nodejs": {
        "pkg-path": "nodejs"
      }
    },
    "hook": {
      "on-activate": "  # Autogenerated by Flox\n\n  # Install nodejs dependencies\n  npm install\n\n  # End autogenerated by Flox\n"
    },
    "profile": {},
    "options": {
      "systems": [
        "aarch64-darwin",
        "aarch64-linux",
        "x86_64-darwin",
        "x86_64-linux"
      ],
      "allow": {
        "licenses": []
      },
      "semver": {}
    }
  },
  "packages": [
    {
      "attr_path": "hugo",
      "broken": false,
      "derivation": "/nix/store/zfhf0llf84zknq7hxdl007aaznyrq8gi-hugo-0.145.0.drv",
      "description": "Fast and modern static website engine",
      "install_id": "hugo",
      "license": "Apache-2.0",
      "locked_url": "https://github.com/flox/nixpkgs?rev=063dece00c5a77e4a0ea24e5e5a5bd75232806f8",
      "name": "hugo-0.145.0",
      "pname": "hugo",
      "rev": "063dece00c5a77e4a0ea24e5e5a5bd75232806f8",
      "rev_count": 780010,
      "rev_date": "2025-04-06T18:34:07Z",
      "scrape_date": "2025-04-08T01:14:38.759821Z",
      "stabilities": [
        "unstable"
      ],
      "unfree": false,
      "version": "0.145.0",
      "outputs_to_install": [
        "out"
      ],
      "outputs": {
        "out": "/nix/store/nmm8vi9i5pph5j0jafan77gpq0pb8g91-hugo-0.145.0"
      },
      "system": "aarch64-darwin",
      "group": "toplevel",
      "priority": 5
    },
    {
      "attr_path": "hugo",
      "broken": false,
      "derivation": "/nix/store/cyzxnx4ihbygjsz9wknjxnhbbsz6pm99-hugo-0.145.0.drv",
      "description": "Fast and modern static website engine",
      "install_id": "hugo",
      "license": "Apache-2.0",
      "locked_url": "https://github.com/flox/nixpkgs?rev=063dece00c5a77e4a0ea24e5e5a5bd75232806f8",
      "name": "hugo-0.145.0",
      "pname": "hugo",
      "rev": "063dece00c5a77e4a0ea24e5e5a5bd75232806f8",
      "rev_count": 780010,
      "rev_date": "2025-04-06T18:34:07Z",
      "scrape_date": "2025-04-08T01:35:30.872007Z",
      "stabilities": [
        "unstable"
      ],
      "unfree": false,
      "version": "0.145.0",
      "outputs_to_install": [
        "out"
      ],
      "outputs": {
        "out": "/nix/store/rk3lzll69hh196h4sr2ghbvs4n5qzjd2-hugo-0.145.0"
      },
      "system": "aarch64-linux",
      "group": "toplevel",
      "priority": 5
    },
    {
      "attr_path": "hugo",
      "broken": false,
      "derivation": "/nix/store/3mdpabz3rn8fbqlhkw9n8616fvd2siv8-hugo-0.145.0.drv",
      "description": "Fast and modern static website engine",
      "install_id": "hugo",
      "license": "Apache-2.0",
      "locked_url": "https://github.com/flox/nixpkgs?rev=063dece00c5a77e4a0ea24e5e5a5bd75232806f8",
      "name": "hugo-0.145.0",
      "pname": "hugo",
      "rev": "063dece00c5a77e4a0ea24e5e5a5bd75232806f8",
      "rev_count": 780010,
      "rev_date": "2025-04-06T18:34:07Z",
      "scrape_date": "2025-04-08T01:54:08.082219Z",
      "stabilities": [
        "unstable"
      ],
      "unfree": false,
      "version": "0.145.0",
      "outputs_to_install": [
        "out"
      ],
      "outputs": {
        "out": "/nix/store/7dcl3rqhx1fbpx9n4zcxfgaldj3ykw8m-hugo-0.145.0"
      },
      "system": "x86_64-darwin",
      "group": "toplevel",
      "priority": 5
    },
    {
      "attr_path": "hugo",
      "broken": false,
      "derivation": "/nix/store/cncamp370zqlkdra1lkcrix2cjraq78s-hugo-0.145.0.drv",
      "description": "Fast and modern static website engine",
      "install_id": "hugo",
      "license": "Apache-2.0",
      "locked_url": "https://github.com/flox/nixpkgs?rev=063dece00c5a77e4a0ea24e5e5a5bd75232806f8",
      "name": "hugo-0.145.0",
      "pname": "hugo",
      "rev": "063dece00c5a77e4a0ea24e5e5a5bd75232806f8",
      "rev_count": 780010,
      "rev_date": "2025-04-06T18:34:07Z",
      "scrape_date": "2025-04-08T02:16:17.874088Z",
      "stabilities": [
        "unstable"
      ],
      "unfree": false,
      "version": "0.145.0",
      "outputs_to_install": [
        "out"
      ],
      "outputs": {
        "out": "/nix/store/jq24aijwi1jkcmq1gv5f7ry4nyj7zk6f-hugo-0.145.0"
      },
      "system": "x86_64-linux",
      "group": "toplevel",
      "priority": 5
    },
    {
      "attr_path": "netlify-cli",
      "broken": false,
      "derivation": "/nix/store/nl5cp1mgmpmsgg9pxga78vrdbpyf5vgf-netlify-cli-19.0.2.drv",
      "description": "Netlify command line tool",
      "install_id": "netlify-cli",
      "license": "MIT",
      "locked_url": "https://github.com/flox/nixpkgs?rev=063dece00c5a77e4a0ea24e5e5a5bd75232806f8",
      "name": "netlify-cli-19.0.2",
      "pname": "netlify-cli",
      "rev": "063dece00c5a77e4a0ea24e5e5a5bd75232806f8",
      "rev_count": 780010,
      "rev_date": "2025-04-06T18:34:07Z",
      "scrape_date": "2025-04-08T01:14:40.698880Z",
      "stabilities": [
        "unstable"
      ],
      "unfree": false,
      "version": "19.0.2",
      "outputs_to_install": [
        "out"
      ],
      "outputs": {
        "out": "/nix/store/hwbi16pcj4pw3bslcla5416l427mbiqm-netlify-cli-19.0.2"
      },
      "system": "aarch64-darwin",
      "group": "toplevel",
      "priority": 5
    },
    {
      "attr_path": "netlify-cli",
      "broken": false,
      "derivation": "/nix/store/nn5x3w3376vcfzpq0b5qnsw6whdh6qhj-netlify-cli-19.0.2.drv",
      "description": "Netlify command line tool",
      "install_id": "netlify-cli",
      "license": "MIT",
      "locked_url": "https://github.com/flox/nixpkgs?rev=063dece00c5a77e4a0ea24e5e5a5bd75232806f8",
      "name": "netlify-cli-19.0.2",
      "pname": "netlify-cli",
      "rev": "063dece00c5a77e4a0ea24e5e5a5bd75232806f8",
      "rev_count": 780010,
      "rev_date": "2025-04-06T18:34:07Z",
      "scrape_date": "2025-04-08T01:35:38.713145Z",
      "stabilities": [
        "unstable"
      ],
      "unfree": false,
      "version": "19.0.2",
      "outputs_to_install": [
        "out"
      ],
      "outputs": {
        "out": "/nix/store/mdi1mc2y1d17w434pi1vzmr5gaqnra3h-netlify-cli-19.0.2"
      },
      "system": "aarch64-linux",
      "group": "toplevel",
      "priority": 5
    },
    {
      "attr_path": "netlify-cli",
      "broken": false,
      "derivation": "/nix/store/k4ffi0ggmcrhl7qg1gsr9y9ryy5ydgkp-netlify-cli-19.0.2.drv",
      "description": "Netlify command line tool",
      "install_id": "netlify-cli",
      "license": "MIT",
      "locked_url": "https://github.com/flox/nixpkgs?rev=063dece00c5a77e4a0ea24e5e5a5bd75232806f8",
      "name": "netlify-cli-19.0.2",
      "pname": "netlify-cli",
      "rev": "063dece00c5a77e4a0ea24e5e5a5bd75232806f8",
      "rev_count": 780010,
      "rev_date": "2025-04-06T18:34:07Z",
      "scrape_date": "2025-04-08T01:54:10.050958Z",
      "stabilities": [
        "unstable"
      ],
      "unfree": false,
      "version": "19.0.2",
      "outputs_to_install": [
        "out"
      ],
      "outputs": {
        "out": "/nix/store/xiapw5b6lzxx75vlb2rkayzxgw0xp953-netlify-cli-19.0.2"
      },
      "system": "x86_64-darwin",
      "group": "toplevel",
      "priority": 5
    },
    {
      "attr_path": "netlify-cli",
      "broken": false,
      "derivation": "/nix/store/vjmn4ihq1mmw78rx0jg4pa64rq45s5vb-netlify-cli-19.0.2.drv",
      "description": "Netlify command line tool",
      "install_id": "netlify-cli",
      "license": "MIT",
      "locked_url": "https://github.com/flox/nixpkgs?rev=063dece00c5a77e4a0ea24e5e5a5bd75232806f8",
      "name": "netlify-cli-19.0.2",
      "pname": "netlify-cli",
      "rev": "063dece00c5a77e4a0ea24e5e5a5bd75232806f8",
      "rev_count": 780010,
      "rev_date": "2025-04-06T18:34:07Z",
      "scrape_date": "2025-04-08T02:16:27.285041Z",
      "stabilities": [
        "unstable"
      ],
      "unfree": false,
      "version": "19.0.2",
      "outputs_to_install": [
        "out"
      ],
      "outputs": {
        "out": "/nix/store/dzm6yf0dravc17qzfr11rw0hbgxkk4sb-netlify-cli-19.0.2"
      },
      "system": "x86_64-linux",
      "group": "toplevel",
      "priority": 5
    },
    {
      "attr_path": "nodejs",
      "broken": false,
      "derivation": "/nix/store/v4xdr255vdcghnqyvk7ih2ppvx0lapfk-nodejs-22.14.0.drv",
      "description": "Event-driven I/O framework for the V8 JavaScript engine",
      "install_id": "nodejs",
      "license": "MIT",
      "locked_url": "https://github.com/flox/nixpkgs?rev=063dece00c5a77e4a0ea24e5e5a5bd75232806f8",
      "name": "nodejs-22.14.0",
      "pname": "nodejs",
      "rev": "063dece00c5a77e4a0ea24e5e5a5bd75232806f8",
      "rev_count": 780010,
      "rev_date": "2025-04-06T18:34:07Z",
      "scrape_date": "2025-04-08T01:14:40.826253Z",
      "stabilities": [
        "unstable"
      ],
      "unfree": false,
      "version": "22.14.0",
      "outputs_to_install": [
        "out"
      ],
      "outputs": {
        "libv8": "/nix/store/4m6xhygkx74fsd5k99nihgr7vg85f553-nodejs-22.14.0-libv8",
        "out": "/nix/store/i1v519j66jmvpqr5h382i9nanxwa5l6n-nodejs-22.14.0"
      },
      "system": "aarch64-darwin",
      "group": "toplevel",
      "priority": 5
    },
    {
      "attr_path": "nodejs",
      "broken": false,
      "derivation": "/nix/store/6678kk8l6dfvfawlpf8smjm0b6zinn2f-nodejs-22.14.0.drv",
      "description": "Event-driven I/O framework for the V8 JavaScript engine",
      "install_id": "nodejs",
      "license": "MIT",
      "locked_url": "https://github.com/flox/nixpkgs?rev=063dece00c5a77e4a0ea24e5e5a5bd75232806f8",
      "name": "nodejs-22.14.0",
      "pname": "nodejs",
      "rev": "063dece00c5a77e4a0ea24e5e5a5bd75232806f8",
      "rev_count": 780010,
      "rev_date": "2025-04-06T18:34:07Z",
      "scrape_date": "2025-04-08T01:35:39.004437Z",
      "stabilities": [
        "unstable"
      ],
      "unfree": false,
      "version": "22.14.0",
      "outputs_to_install": [
        "out"
      ],
      "outputs": {
        "libv8": "/nix/store/s8407q9aa2mi2b60zk2mkjjdnv4qw87x-nodejs-22.14.0-libv8",
        "out": "/nix/store/p6183qmkyfkz5sqlv4wbw6a2nnh1r8jf-nodejs-22.14.0"
      },
      "system": "aarch64-linux",
      "group": "toplevel",
      "priority": 5
    },
    {
      "attr_path": "nodejs",
      "broken": false,
      "derivation": "/nix/store/zal73kvqhchl43qs2x7p5cvp57ypd4n3-nodejs-22.14.0.drv",
      "description": "Event-driven I/O framework for the V8 JavaScript engine",
      "install_id": "nodejs",
      "license": "MIT",
      "locked_url": "https://github.com/flox/nixpkgs?rev=063dece00c5a77e4a0ea24e5e5a5bd75232806f8",
      "name": "nodejs-22.14.0",
      "pname": "nodejs",
      "rev": "063dece00c5a77e4a0ea24e5e5a5bd75232806f8",
      "rev_count": 780010,
      "rev_date": "2025-04-06T18:34:07Z",
      "scrape_date": "2025-04-08T01:54:10.180380Z",
      "stabilities": [
        "unstable"
      ],
      "unfree": false,
      "version": "22.14.0",
      "outputs_to_install": [
        "out"
      ],
      "outputs": {
        "libv8": "/nix/store/sx5pbfq09qkl6bfxcljmhf5s1z049693-nodejs-22.14.0-libv8",
        "out": "/nix/store/mxpq0x25ayiliy6938pflhqvfc1nznkl-nodejs-22.14.0"
      },
      "system": "x86_64-darwin",
      "group": "toplevel",
      "priority": 5
    },
    {
      "attr_path": "nodejs",
      "broken": false,
      "derivation": "/nix/store/2v66xkgfmdipzpwgl813n4mqgck6w3fd-nodejs-22.14.0.drv",
      "description": "Event-driven I/O framework for the V8 JavaScript engine",
      "install_id": "nodejs",
      "license": "MIT",
      "locked_url": "https://github.com/flox/nixpkgs?rev=063dece00c5a77e4a0ea24e5e5a5bd75232806f8",
      "name": "nodejs-22.14.0",
      "pname": "nodejs",
      "rev": "063dece00c5a77e4a0ea24e5e5a5bd75232806f8",
      "rev_count": 780010,
      "rev_date": "2025-04-06T18:34:07Z",
      "scrape_date": "2025-04-08T02:16:27.607451Z",
      "stabilities": [
        "unstable"
      ],
      "unfree": false,
      "version": "22.14.0",
      "outputs_to_install": [
        "out"
      ],
      "outputs": {
        "libv8": "/nix/store/j4w6685rkqwwl03cc8phm8xiyb2xmbnq-nodejs-22.14.0-libv8",
        "out": "/nix/store/bmakyv5ip1wc9jk155glzdw4vnnrym04-nodejs-22.14.0"
      },
      "system": "x86_64-linux",
      "group": "toplevel",
      "priority": 5
    }
  ]
}